
Microsoft Visual Studio Solution File, Format Version 12.00
Project("{FAE04EC0-301F-11D3-BF4B-00C04F79EFBC}") = "Restaurant", "Restaurant\Restaurant.csproj", "{9247AEEE-1064-4367-8830-FD210A2BBDE4}"
EndProject
Project("{FAE04EC0-301F-11D3-BF4B-00C04F79EFBC}") = "WpfApp", "WpfApp\WpfApp.csproj", "{8AAC2AFB-D96A-475C-B1FB-98A94DDA6D82}"
EndProject
Global
	GlobalSection(SolutionConfigurationPlatforms) = preSolution
		Debug|Any CPU = Debug|Any CPU
		Release|Any CPU = Release|Any CPU
	EndGlobalSection
	GlobalSection(ProjectConfigurationPlatforms) = postSolution
		{9247AEEE-1064-4367-8830-FD210A2BBDE4}.Debug|Any CPU.ActiveCfg = Debug|Any CPU
		{9247AEEE-1064-4367-8830-FD210A2BBDE4}.Debug|Any CPU.Build.0 = Debug|Any CPU
		{9247AEEE-1064-4367-8830-FD210A2BBDE4}.Release|Any CPU.ActiveCfg = Release|Any CPU
		{9247AEEE-1064-4367-8830-FD210A2BBDE4}.Release|Any CPU.Build.0 = Release|Any CPU
		{8AAC2AFB-D96A-475C-B1FB-98A94DDA6D82}.Debug|Any CPU.ActiveCfg = Debug|Any CPU
		{8AAC2AFB-D96A-475C-B1FB-98A94DDA6D82}.Debug|Any CPU.Build.0 = Debug|Any CPU
		{8AAC2AFB-D96A-475C-B1FB-98A94DDA6D82}.Release|Any CPU.ActiveCfg = Release|Any CPU
		{8AAC2AFB-D96A-475C-B1FB-98A94DDA6D82}.Release|Any CPU.Build.0 = Release|Any CPU
	EndGlobalSection
EndGlobal
